
Microsoft Visual Studio Solution File, Format Version 12.00
# Visual Studio Version 16
VisualStudioVersion = 16.0.30114.105
MinimumVisualStudioVersion = 10.0.40219.1
Project("{2150E333-8FDC-42A3-9474-1A3956D46DE8}") = "src", "src", "{A02B311C-28E1-469F-8646-C76B459E074B}"
EndProject
Project("{FAE04EC0-301F-11D3-BF4B-00C04F79EFBC}") = "Frontend", "src\Frontend\Frontend.csproj", "{84761F60-37B8-4949-947B-6204CE1EC62F}"
EndProject
Project("{FAE04EC0-301F-11D3-BF4B-00C04F79EFBC}") = "Ingredients.Data", "src\Ingredients.Data\Ingredients.Data.csproj", "{2A613147-2A62-44D9-8296-5283C03B712F}"
EndProject
Project("{FAE04EC0-301F-11D3-BF4B-00C04F79EFBC}") = "Orders.PubSub", "src\Orders.PubSub\Orders.PubSub.csproj", "{5C1CB20B-599A-4EC2-90BE-F3C7D2B22DA1}"
EndProject
Project("{2150E333-8FDC-42A3-9474-1A3956D46DE8}") = "test", "test", "{21D49B5C-2B6C-4E62-B3EC-0E79909BF3F6}"
EndProject
Project("{FAE04EC0-301F-11D3-BF4B-00C04F79EFBC}") = "GrpcTestHelper", "test\GrpcTestHelper\GrpcTestHelper.csproj", "{CF0A8113-7381-44BD-A592-904D839F11C9}"
EndProject
Project("{FAE04EC0-301F-11D3-BF4B-00C04F79EFBC}") = "Ingredients", "src\Ingredients\Ingredients.csproj", "{BE5A1021-FB8F-4071-AB48-852707CE2ABA}"
EndProject
Project("{FAE04EC0-301F-11D3-BF4B-00C04F79EFBC}") = "Ingredients.Tests", "test\Ingredients.Tests\Ingredients.Tests.csproj", "{D1C28848-75BD-43BE-97B5-C42CC1ACB93E}"
EndProject
Project("{2150E333-8FDC-42A3-9474-1A3956D46DE8}") = "files", "files", "{E81BDE0C-E789-4C79-B6A3-77845A576AB2}"
	ProjectSection(SolutionItems) = preProject
		tye.yaml = tye.yaml
	EndProjectSection
EndProject
Project("{FAE04EC0-301F-11D3-BF4B-00C04F79EFBC}") = "Orders", "src\Orders\Orders.csproj", "{1DB2386A-080B-4AE8-9750-A5972D66DDBB}"
EndProject
Project("{FAE04EC0-301F-11D3-BF4B-00C04F79EFBC}") = "ShopConsole", "src\ShopConsole\ShopConsole.csproj", "{44019728-7C29-4C93-8DDC-2A8F940B7AD3}"
EndProject
Global
	GlobalSection(SolutionConfigurationPlatforms) = preSolution
		Debug|Any CPU = Debug|Any CPU
		Release|Any CPU = Release|Any CPU
	EndGlobalSection
	GlobalSection(SolutionProperties) = preSolution
		HideSolutionNode = FALSE
	EndGlobalSection
	GlobalSection(ProjectConfigurationPlatforms) = postSolution
		{84761F60-37B8-4949-947B-6204CE1EC62F}.Debug|Any CPU.ActiveCfg = Debug|Any CPU
		{84761F60-37B8-4949-947B-6204CE1EC62F}.Debug|Any CPU.Build.0 = Debug|Any CPU
		{84761F60-37B8-4949-947B-6204CE1EC62F}.Release|Any CPU.ActiveCfg = Release|Any CPU
		{84761F60-37B8-4949-947B-6204CE1EC62F}.Release|Any CPU.Build.0 = Release|Any CPU
		{2A613147-2A62-44D9-8296-5283C03B712F}.Debug|Any CPU.ActiveCfg = Debug|Any CPU
		{2A613147-2A62-44D9-8296-5283C03B712F}.Debug|Any CPU.Build.0 = Debug|Any CPU
		{2A613147-2A62-44D9-8296-5283C03B712F}.Release|Any CPU.ActiveCfg = Release|Any CPU
		{2A613147-2A62-44D9-8296-5283C03B712F}.Release|Any CPU.Build.0 = Release|Any CPU
		{5C1CB20B-599A-4EC2-90BE-F3C7D2B22DA1}.Debug|Any CPU.ActiveCfg = Debug|Any CPU
		{5C1CB20B-599A-4EC2-90BE-F3C7D2B22DA1}.Debug|Any CPU.Build.0 = Debug|Any CPU
		{5C1CB20B-599A-4EC2-90BE-F3C7D2B22DA1}.Release|Any CPU.ActiveCfg = Release|Any CPU
		{5C1CB20B-599A-4EC2-90BE-F3C7D2B22DA1}.Release|Any CPU.Build.0 = Release|Any CPU
		{CF0A8113-7381-44BD-A592-904D839F11C9}.Debug|Any CPU.ActiveCfg = Debug|Any CPU
		{CF0A8113-7381-44BD-A592-904D839F11C9}.Debug|Any CPU.Build.0 = Debug|Any CPU
		{CF0A8113-7381-44BD-A592-904D839F11C9}.Release|Any CPU.ActiveCfg = Release|Any CPU
		{CF0A8113-7381-44BD-A592-904D839F11C9}.Release|Any CPU.Build.0 = Release|Any CPU
		{BE5A1021-FB8F-4071-AB48-852707CE2ABA}.Debug|Any CPU.ActiveCfg = Debug|Any CPU
		{BE5A1021-FB8F-4071-AB48-852707CE2ABA}.Debug|Any CPU.Build.0 = Debug|Any CPU
		{BE5A1021-FB8F-4071-AB48-852707CE2ABA}.Release|Any CPU.ActiveCfg = Release|Any CPU
		{BE5A1021-FB8F-4071-AB48-852707CE2ABA}.Release|Any CPU.Build.0 = Release|Any CPU
		{D1C28848-75BD-43BE-97B5-C42CC1ACB93E}.Debug|Any CPU.ActiveCfg = Debug|Any CPU
		{D1C28848-75BD-43BE-97B5-C42CC1ACB93E}.Debug|Any CPU.Build.0 = Debug|Any CPU
		{D1C28848-75BD-43BE-97B5-C42CC1ACB93E}.Release|Any CPU.ActiveCfg = Release|Any CPU
		{D1C28848-75BD-43BE-97B5-C42CC1ACB93E}.Release|Any CPU.Build.0 = Release|Any CPU
		{1DB2386A-080B-4AE8-9750-A5972D66DDBB}.Debug|Any CPU.ActiveCfg = Debug|Any CPU
		{1DB2386A-080B-4AE8-9750-A5972D66DDBB}.Debug|Any CPU.Build.0 = Debug|Any CPU
		{1DB2386A-080B-4AE8-9750-A5972D66DDBB}.Release|Any CPU.ActiveCfg = Release|Any CPU
		{1DB2386A-080B-4AE8-9750-A5972D66DDBB}.Release|Any CPU.Build.0 = Release|Any CPU
		{44019728-7C29-4C93-8DDC-2A8F940B7AD3}.Debug|Any CPU.ActiveCfg = Debug|Any CPU
		{44019728-7C29-4C93-8DDC-2A8F940B7AD3}.Debug|Any CPU.Build.0 = Debug|Any CPU
		{44019728-7C29-4C93-8DDC-2A8F940B7AD3}.Release|Any CPU.ActiveCfg = Release|Any CPU
		{44019728-7C29-4C93-8DDC-2A8F940B7AD3}.Release|Any CPU.Build.0 = Release|Any CPU
	EndGlobalSection
	GlobalSection(NestedProjects) = preSolution
		{84761F60-37B8-4949-947B-6204CE1EC62F} = {A02B311C-28E1-469F-8646-C76B459E074B}
		{2A613147-2A62-44D9-8296-5283C03B712F} = {A02B311C-28E1-469F-8646-C76B459E074B}
		{5C1CB20B-599A-4EC2-90BE-F3C7D2B22DA1} = {A02B311C-28E1-469F-8646-C76B459E074B}
		{CF0A8113-7381-44BD-A592-904D839F11C9} = {21D49B5C-2B6C-4E62-B3EC-0E79909BF3F6}
		{BE5A1021-FB8F-4071-AB48-852707CE2ABA} = {A02B311C-28E1-469F-8646-C76B459E074B}
		{D1C28848-75BD-43BE-97B5-C42CC1ACB93E} = {21D49B5C-2B6C-4E62-B3EC-0E79909BF3F6}
		{1DB2386A-080B-4AE8-9750-A5972D66DDBB} = {A02B311C-28E1-469F-8646-C76B459E074B}
		{44019728-7C29-4C93-8DDC-2A8F940B7AD3} = {A02B311C-28E1-469F-8646-C76B459E074B}
	EndGlobalSection
EndGlobal
